<?xml version="1.0" encoding="UTF-8" standalone="yes" ?>
<CodeBlocks_project_file>
	<FileVersion major="1" minor="6" />
	<Project>
		<Option title="CUBERITE_TEST" />
		<Option pch_mode="2" />
		<Option compiler="gcc" />
		<Build>
			<Target title="Debug">
				<Option output="bin/Debug/CUBERITE_TEST" prefix_auto="1" extension_auto="1" />
				<Option object_output="obj/Debug/" />
				<Option type="1" />
				<Option compiler="gcc" />
				<Compiler>
					<Add option="-g" />
				</Compiler>
			</Target>
			<Target title="Release">
				<Option output="bin/Release/CUBERITE_TEST" prefix_auto="1" extension_auto="1" />
				<Option object_output="obj/Release/" />
				<Option type="1" />
				<Option compiler="gcc" />
				<Compiler>
					<Add option="-O2" />
				</Compiler>
				<Linker>
					<Add option="-s" />
				</Linker>
			</Target>
		</Build>
		<Compiler>
			<Add option="-Wall" />
		</Compiler>
		<Unit filename="AllocationPool.h" />
		<Unit filename="Bindings/Bindings.cpp" />
		<Unit filename="Bindings/Bindings.h" />
		<Unit filename="Bindings/DeprecatedBindings.cpp" />
		<Unit filename="Bindings/DeprecatedBindings.h" />
		<Unit filename="Bindings/LuaChunkStay.cpp" />
		<Unit filename="Bindings/LuaChunkStay.h" />
		<Unit filename="Bindings/LuaFunctions.h" />
		<Unit filename="Bindings/LuaJson.cpp" />
		<Unit filename="Bindings/LuaJson.h" />
		<Unit filename="Bindings/LuaNameLookup.cpp" />
		<Unit filename="Bindings/LuaNameLookup.h" />
		<Unit filename="Bindings/LuaServerHandle.cpp" />
		<Unit filename="Bindings/LuaServerHandle.h" />
		<Unit filename="Bindings/LuaState.cpp" />
		<Unit filename="Bindings/LuaState.h" />
		<Unit filename="Bindings/LuaState_Implementation.cpp" />
		<Unit filename="Bindings/LuaTCPLink.cpp" />
		<Unit filename="Bindings/LuaTCPLink.h" />
		<Unit filename="Bindings/LuaUDPEndpoint.cpp" />
		<Unit filename="Bindings/LuaUDPEndpoint.h" />
		<Unit filename="Bindings/LuaWindow.cpp" />
		<Unit filename="Bindings/LuaWindow.h" />
		<Unit filename="Bindings/ManualBindings.cpp" />
		<Unit filename="Bindings/ManualBindings.h" />
		<Unit filename="Bindings/ManualBindings_BlockArea.cpp" />
		<Unit filename="Bindings/ManualBindings_Network.cpp" />
		<Unit filename="Bindings/ManualBindings_RankManager.cpp" />
		<Unit filename="Bindings/ManualBindings_World.cpp" />
		<Unit filename="Bindings/Plugin.cpp" />
		<Unit filename="Bindings/Plugin.h" />
		<Unit filename="Bindings/PluginLua.cpp" />
		<Unit filename="Bindings/PluginLua.h" />
		<Unit filename="Bindings/PluginManager.cpp" />
		<Unit filename="Bindings/PluginManager.h" />
		<Unit filename="Bindings/tolua++.h" />
		<Unit filename="BiomeDef.cpp" />
		<Unit filename="BiomeDef.h" />
		<Unit filename="BlockArea.cpp" />
		<Unit filename="BlockArea.h" />
		<Unit filename="BlockEntities/BeaconEntity.cpp" />
		<Unit filename="BlockEntities/BeaconEntity.h" />
		<Unit filename="BlockEntities/BedEntity.cpp" />
		<Unit filename="BlockEntities/BedEntity.h" />
		<Unit filename="BlockEntities/BlockEntity.cpp" />
		<Unit filename="BlockEntities/BlockEntity.h" />
		<Unit filename="BlockEntities/BlockEntityWithItems.cpp" />
		<Unit filename="BlockEntities/BlockEntityWithItems.h" />
		<Unit filename="BlockEntities/BrewingstandEntity.cpp" />
		<Unit filename="BlockEntities/BrewingstandEntity.h" />
		<Unit filename="BlockEntities/ChestEntity.cpp" />
		<Unit filename="BlockEntities/ChestEntity.h" />
		<Unit filename="BlockEntities/CommandBlockEntity.cpp" />
		<Unit filename="BlockEntities/CommandBlockEntity.h" />
		<Unit filename="BlockEntities/DispenserEntity.cpp" />
		<Unit filename="BlockEntities/DispenserEntity.h" />
		<Unit filename="BlockEntities/DropSpenserEntity.cpp" />
		<Unit filename="BlockEntities/DropSpenserEntity.h" />
		<Unit filename="BlockEntities/DropperEntity.cpp" />
		<Unit filename="BlockEntities/DropperEntity.h" />
		<Unit filename="BlockEntities/EnderChestEntity.cpp" />
		<Unit filename="BlockEntities/EnderChestEntity.h" />
		<Unit filename="BlockEntities/FlowerPotEntity.cpp" />
		<Unit filename="BlockEntities/FlowerPotEntity.h" />
		<Unit filename="BlockEntities/FurnaceEntity.cpp" />
		<Unit filename="BlockEntities/FurnaceEntity.h" />
		<Unit filename="BlockEntities/HopperEntity.cpp" />
		<Unit filename="BlockEntities/HopperEntity.h" />
		<Unit filename="BlockEntities/JukeboxEntity.cpp" />
		<Unit filename="BlockEntities/JukeboxEntity.h" />
		<Unit filename="BlockEntities/MobHeadEntity.cpp" />
		<Unit filename="BlockEntities/MobHeadEntity.h" />
		<Unit filename="BlockEntities/MobSpawnerEntity.cpp" />
		<Unit filename="BlockEntities/MobSpawnerEntity.h" />
		<Unit filename="BlockEntities/NoteEntity.cpp" />
		<Unit filename="BlockEntities/NoteEntity.h" />
		<Unit filename="BlockEntities/SignEntity.cpp" />
		<Unit filename="BlockEntities/SignEntity.h" />
		<Unit filename="BlockID.cpp" />
		<Unit filename="BlockID.h" />
		<Unit filename="BlockInServerPluginInterface.h" />
		<Unit filename="BlockInfo.cpp" />
		<Unit filename="BlockInfo.h" />
		<Unit filename="BlockTracer.h" />
		<Unit filename="BlockTypeRegistry.cpp" />
		<Unit filename="BlockTypeRegistry.h" />
		<Unit filename="Blocks/BlockAnvil.h" />
		<Unit filename="Blocks/BlockBed.cpp" />
		<Unit filename="Blocks/BlockBed.h" />
		<Unit filename="Blocks/BlockBigFlower.h" />
		<Unit filename="Blocks/BlockBrewingStand.h" />
		<Unit filename="Blocks/BlockButton.h" />
		<Unit filename="Blocks/BlockCactus.h" />
		<Unit filename="Blocks/BlockCake.h" />
		<Unit filename="Blocks/BlockCarpet.h" />
		<Unit filename="Blocks/BlockCauldron.h" />
		<Unit filename="Blocks/BlockChest.h" />
		<Unit filename="Blocks/BlockCloth.h" />
		<Unit filename="Blocks/BlockCobWeb.h" />
		<Unit filename="Blocks/BlockCocoaPod.h" />
		<Unit filename="Blocks/BlockCommandBlock.h" />
		<Unit filename="Blocks/BlockComparator.h" />
		<Unit filename="Blocks/BlockConcretePowder.h" />
		<Unit filename="Blocks/BlockCrops.h" />
		<Unit filename="Blocks/BlockDeadBush.h" />
		<Unit filename="Blocks/BlockDirt.h" />
		<Unit filename="Blocks/BlockDoor.cpp" />
		<Unit filename="Blocks/BlockDoor.h" />
		<Unit filename="Blocks/BlockDropSpenser.h" />
		<Unit filename="Blocks/BlockEnchantmentTable.h" />
		<Unit filename="Blocks/BlockEndPortalFrame.h" />
		<Unit filename="Blocks/BlockEnderchest.h" />
		<Unit filename="Blocks/BlockEntity.h" />
		<Unit filename="Blocks/BlockFarmland.h" />
		<Unit filename="Blocks/BlockFence.h" />
		<Unit filename="Blocks/BlockFenceGate.h" />
		<Unit filename="Blocks/BlockFire.h" />
		<Unit filename="Blocks/BlockFlower.h" />
		<Unit filename="Blocks/BlockFlowerPot.h" />
		<Unit filename="Blocks/BlockFluid.h" />
		<Unit filename="Blocks/BlockFurnace.h" />
		<Unit filename="Blocks/BlockGlass.h" />
		<Unit filename="Blocks/BlockGlowstone.h" />
		<Unit filename="Blocks/BlockGravel.h" />
		<Unit filename="Blocks/BlockHandler.cpp" />
		<Unit filename="Blocks/BlockHandler.h" />
		<Unit filename="Blocks/BlockHopper.h" />
		<Unit filename="Blocks/BlockIce.h" />
		<Unit filename="Blocks/BlockLadder.h" />
		<Unit filename="Blocks/BlockLeaves.h" />
		<Unit filename="Blocks/BlockLever.h" />
		<Unit filename="Blocks/BlockLilypad.h" />
		<Unit filename="Blocks/BlockMelon.h" />
		<Unit filename="Blocks/BlockMobHead.h" />
		<Unit filename="Blocks/BlockMobSpawner.h" />
		<Unit filename="Blocks/BlockMushroom.h" />
		<Unit filename="Blocks/BlockMycelium.h" />
		<Unit filename="Blocks/BlockNetherWart.h" />
		<Unit filename="Blocks/BlockNetherrack.h" />
		<Unit filename="Blocks/BlockOre.h" />
		<Unit filename="Blocks/BlockPiston.cpp" />
		<Unit filename="Blocks/BlockPiston.h" />
		<Unit filename="Blocks/BlockPlanks.h" />
		<Unit filename="Blocks/BlockPlant.h" />
		<Unit filename="Blocks/BlockPluginInterface.h" />
		<Unit filename="Blocks/BlockPortal.h" />
		<Unit filename="Blocks/BlockPressurePlate.h" />
		<Unit filename="Blocks/BlockPumpkin.h" />
		<Unit filename="Blocks/BlockQuartz.h" />
		<Unit filename="Blocks/BlockRail.h" />
		<Unit filename="Blocks/BlockRedstone.h" />
		<Unit filename="Blocks/BlockRedstoneLamp.h" />
		<Unit filename="Blocks/BlockRedstoneRepeater.h" />
		<Unit filename="Blocks/BlockRedstoneTorch.h" />
		<Unit filename="Blocks/BlockSand.h" />
		<Unit filename="Blocks/BlockSapling.h" />
		<Unit filename="Blocks/BlockSeaLantern.h" />
		<Unit filename="Blocks/BlockSideways.h" />
		<Unit filename="Blocks/BlockSignPost.h" />
		<Unit filename="Blocks/BlockSlab.h" />
		<Unit filename="Blocks/BlockSlime.h" />
		<Unit filename="Blocks/BlockSnow.h" />
		<Unit filename="Blocks/BlockSponge.h" />
		<Unit filename="Blocks/BlockStairs.h" />
		<Unit filename="Blocks/BlockStems.h" />
		<Unit filename="Blocks/BlockStone.h" />
		<Unit filename="Blocks/BlockSugarcane.h" />
		<Unit filename="Blocks/BlockTNT.h" />
		<Unit filename="Blocks/BlockTallGrass.h" />
		<Unit filename="Blocks/BlockTorch.h" />
		<Unit filename="Blocks/BlockTrapdoor.h" />
		<Unit filename="Blocks/BlockTripwire.h" />
		<Unit filename="Blocks/BlockTripwireHook.h" />
		<Unit filename="Blocks/BlockVine.h" />
		<Unit filename="Blocks/BlockWallSign.h" />
		<Unit filename="Blocks/BlockWorkbench.h" />
		<Unit filename="Blocks/BroadcastInterface.h" />
		<Unit filename="Blocks/ChunkInterface.cpp" />
		<Unit filename="Blocks/ChunkInterface.h" />
		<Unit filename="Blocks/ClearMetaOnDrop.h" />
		<Unit filename="Blocks/GetHandlerCompileTimeTemplate.h" />
		<Unit filename="Blocks/MetaRotator.h" />
		<Unit filename="Blocks/WorldInterface.h" />
		<Unit filename="BoundingBox.cpp" />
		<Unit filename="BoundingBox.h" />
		<Unit filename="BrewingRecipes.cpp" />
		<Unit filename="BrewingRecipes.h" />
		<Unit filename="Broadcaster.cpp" />
		<Unit filename="ByteBuffer.cpp" />
		<Unit filename="ByteBuffer.h" />
		<Unit filename="ChatColor.cpp" />
		<Unit filename="ChatColor.h" />
		<Unit filename="Chunk.cpp" />
		<Unit filename="Chunk.h" />
		<Unit filename="ChunkData.cpp" />
		<Unit filename="ChunkData.h" />
		<Unit filename="ChunkDataCallback.h" />
		<Unit filename="ChunkDef.h" />
		<Unit filename="ChunkMap.cpp" />
		<Unit filename="ChunkMap.h" />
		<Unit filename="ChunkSender.cpp" />
		<Unit filename="ChunkSender.h" />
		<Unit filename="ChunkStay.cpp" />
		<Unit filename="ChunkStay.h" />
		<Unit filename="ClientHandle.cpp" />
		<Unit filename="ClientHandle.h" />
		<Unit filename="Color.cpp" />
		<Unit filename="Color.h" />
		<Unit filename="CommandOutput.cpp" />
		<Unit filename="CommandOutput.h" />
		<Unit filename="CompositeChat.cpp" />
		<Unit filename="CompositeChat.h" />
		<Unit filename="CraftingRecipes.cpp" />
		<Unit filename="CraftingRecipes.h" />
		<Unit filename="Cuboid.cpp" />
		<Unit filename="Cuboid.h" />
		<Unit filename="DeadlockDetect.cpp" />
		<Unit filename="DeadlockDetect.h" />
		<Unit filename="Defines.h" />
		<Unit filename="EffectID.h" />
		<Unit filename="Enchantments.cpp" />
		<Unit filename="Enchantments.h" />
		<Unit filename="Endianness.h" />
		<Unit filename="Entities/ArrowEntity.cpp" />
		<Unit filename="Entities/ArrowEntity.h" />
		<Unit filename="Entities/Boat.cpp" />
		<Unit filename="Entities/Boat.h" />
		<Unit filename="Entities/EnderCrystal.cpp" />
		<Unit filename="Entities/EnderCrystal.h" />
		<Unit filename="Entities/Entity.cpp" />
		<Unit filename="Entities/Entity.h" />
		<Unit filename="Entities/EntityEffect.cpp" />
		<Unit filename="Entities/EntityEffect.h" />
		<Unit filename="Entities/ExpBottleEntity.cpp" />
		<Unit filename="Entities/ExpBottleEntity.h" />
		<Unit filename="Entities/ExpOrb.cpp" />
		<Unit filename="Entities/ExpOrb.h" />
		<Unit filename="Entities/FallingBlock.cpp" />
		<Unit filename="Entities/FallingBlock.h" />
		<Unit filename="Entities/FireChargeEntity.cpp" />
		<Unit filename="Entities/FireChargeEntity.h" />
		<Unit filename="Entities/FireworkEntity.cpp" />
		<Unit filename="Entities/FireworkEntity.h" />
		<Unit filename="Entities/Floater.cpp" />
		<Unit filename="Entities/Floater.h" />
		<Unit filename="Entities/GhastFireballEntity.cpp" />
		<Unit filename="Entities/GhastFireballEntity.h" />
		<Unit filename="Entities/HangingEntity.cpp" />
		<Unit filename="Entities/HangingEntity.h" />
		<Unit filename="Entities/ItemFrame.cpp" />
		<Unit filename="Entities/ItemFrame.h" />
		<Unit filename="Entities/LeashKnot.cpp" />
		<Unit filename="Entities/LeashKnot.h" />
		<Unit filename="Entities/Minecart.cpp" />
		<Unit filename="Entities/Minecart.h" />
		<Unit filename="Entities/Painting.cpp" />
		<Unit filename="Entities/Painting.h" />
		<Unit filename="Entities/Pawn.cpp" />
		<Unit filename="Entities/Pawn.h" />
		<Unit filename="Entities/Pickup.cpp" />
		<Unit filename="Entities/Pickup.h" />
		<Unit filename="Entities/Player.cpp" />
		<Unit filename="Entities/Player.h" />
		<Unit filename="Entities/ProjectileEntity.cpp" />
		<Unit filename="Entities/ProjectileEntity.h" />
		<Unit filename="Entities/SplashPotionEntity.cpp" />
		<Unit filename="Entities/SplashPotionEntity.h" />
		<Unit filename="Entities/TNTEntity.cpp" />
		<Unit filename="Entities/TNTEntity.h" />
		<Unit filename="Entities/ThrownEggEntity.cpp" />
		<Unit filename="Entities/ThrownEggEntity.h" />
		<Unit filename="Entities/ThrownEnderPearlEntity.cpp" />
		<Unit filename="Entities/ThrownEnderPearlEntity.h" />
		<Unit filename="Entities/ThrownSnowballEntity.cpp" />
		<Unit filename="Entities/ThrownSnowballEntity.h" />
		<Unit filename="Entities/WitherSkullEntity.cpp" />
		<Unit filename="Entities/WitherSkullEntity.h" />
		<Unit filename="FastRandom.cpp" />
		<Unit filename="FastRandom.h" />
		<Unit filename="ForEachChunkProvider.h" />
		<Unit filename="FunctionRef.h" />
		<Unit filename="FurnaceRecipe.cpp" />
		<Unit filename="FurnaceRecipe.h" />
		<Unit filename="Generating/BioGen.cpp" />
		<Unit filename="Generating/BioGen.h" />
		<Unit filename="Generating/Caves.cpp" />
		<Unit filename="Generating/Caves.h" />
		<Unit filename="Generating/ChunkDesc.cpp" />
		<Unit filename="Generating/ChunkDesc.h" />
		<Unit filename="Generating/ChunkGenerator.cpp" />
		<Unit filename="Generating/ChunkGenerator.h" />
		<Unit filename="Generating/CompoGen.cpp" />
		<Unit filename="Generating/CompoGen.h" />
		<Unit filename="Generating/CompoGenBiomal.cpp" />
		<Unit filename="Generating/CompoGenBiomal.h" />
		<Unit filename="Generating/ComposableGenerator.cpp" />
		<Unit filename="Generating/ComposableGenerator.h" />
		<Unit filename="Generating/CompositedHeiGen.h" />
		<Unit filename="Generating/DistortedHeightmap.cpp" />
		<Unit filename="Generating/DistortedHeightmap.h" />
		<Unit filename="Generating/DungeonRoomsFinisher.cpp" />
		<Unit filename="Generating/DungeonRoomsFinisher.h" />
		<Unit filename="Generating/EndGen.cpp" />
		<Unit filename="Generating/EndGen.h" />
		<Unit filename="Generating/FinishGen.cpp" />
		<Unit filename="Generating/FinishGen.h" />
		<Unit filename="Generating/GridStructGen.cpp" />
		<Unit filename="Generating/GridStructGen.h" />
		<Unit filename="Generating/HeiGen.cpp" />
		<Unit filename="Generating/HeiGen.h" />
		<Unit filename="Generating/IntGen.h" />
		<Unit filename="Generating/MineShafts.cpp" />
		<Unit filename="Generating/MineShafts.h" />
		<Unit filename="Generating/Noise3DGenerator.cpp" />
		<Unit filename="Generating/Noise3DGenerator.h" />
		<Unit filename="Generating/PieceGeneratorBFSTree.cpp" />
		<Unit filename="Generating/PieceGeneratorBFSTree.h" />
		<Unit filename="Generating/PiecePool.cpp" />
		<Unit filename="Generating/PiecePool.h" />
		<Unit filename="Generating/PieceStructuresGen.cpp" />
		<Unit filename="Generating/PieceStructuresGen.h" />
		<Unit filename="Generating/Prefab.cpp" />
		<Unit filename="Generating/Prefab.h" />
		<Unit filename="Generating/PrefabPiecePool.cpp" />
		<Unit filename="Generating/PrefabPiecePool.h" />
		<Unit filename="Generating/PrefabStructure.cpp" />
		<Unit filename="Generating/PrefabStructure.h" />
		<Unit filename="Generating/ProtIntGen.h" />
		<Unit filename="Generating/Ravines.cpp" />
		<Unit filename="Generating/Ravines.h" />
		<Unit filename="Generating/RoughRavines.cpp" />
		<Unit filename="Generating/RoughRavines.h" />
		<Unit filename="Generating/ShapeGen.cpp" />
		<Unit filename="Generating/StructGen.cpp" />
		<Unit filename="Generating/StructGen.h" />
		<Unit filename="Generating/Trees.cpp" />
		<Unit filename="Generating/Trees.h" />
		<Unit filename="Generating/TwoHeights.cpp" />
		<Unit filename="Generating/TwoHeights.h" />
		<Unit filename="Generating/VerticalLimit.cpp" />
		<Unit filename="Generating/VerticalLimit.h" />
		<Unit filename="Generating/VerticalStrategy.cpp" />
		<Unit filename="Generating/VerticalStrategy.h" />
		<Unit filename="Generating/VillageGen.cpp" />
		<Unit filename="Generating/VillageGen.h" />
		<Unit filename="Globals.cpp" />
		<Unit filename="Globals.h" />
		<Unit filename="HTTP/EnvelopeParser.cpp" />
		<Unit filename="HTTP/EnvelopeParser.h" />
		<Unit filename="HTTP/HTTPFormParser.cpp" />
		<Unit filename="HTTP/HTTPFormParser.h" />
		<Unit filename="HTTP/HTTPMessage.cpp" />
		<Unit filename="HTTP/HTTPMessage.h" />
		<Unit filename="HTTP/HTTPMessageParser.cpp" />
		<Unit filename="HTTP/HTTPMessageParser.h" />
		<Unit filename="HTTP/HTTPServer.cpp" />
		<Unit filename="HTTP/HTTPServer.h" />
		<Unit filename="HTTP/HTTPServerConnection.cpp" />
		<Unit filename="HTTP/HTTPServerConnection.h" />
		<Unit filename="HTTP/MultipartParser.cpp" />
		<Unit filename="HTTP/MultipartParser.h" />
		<Unit filename="HTTP/NameValueParser.cpp" />
		<Unit filename="HTTP/NameValueParser.h" />
		<Unit filename="HTTP/SslHTTPServerConnection.cpp" />
		<Unit filename="HTTP/SslHTTPServerConnection.h" />
		<Unit filename="HTTP/TransferEncodingParser.cpp" />
		<Unit filename="HTTP/TransferEncodingParser.h" />
		<Unit filename="HTTP/UrlClient.cpp" />
		<Unit filename="HTTP/UrlClient.h" />
		<Unit filename="HTTP/UrlParser.cpp" />
		<Unit filename="HTTP/UrlParser.h" />
		<Unit filename="IniFile.cpp" />
		<Unit filename="IniFile.h" />
		<Unit filename="Inventory.cpp" />
		<Unit filename="Inventory.h" />
		<Unit filename="Item.cpp" />
		<Unit filename="Item.h" />
		<Unit filename="ItemGrid.cpp" />
		<Unit filename="ItemGrid.h" />
		<Unit filename="Items/ItemArmor.h" />
		<Unit filename="Items/ItemAxe.h" />
		<Unit filename="Items/ItemBed.h" />
		<Unit filename="Items/ItemBigFlower.h" />
		<Unit filename="Items/ItemBoat.h" />
		<Unit filename="Items/ItemBottle.h" />
		<Unit filename="Items/ItemBow.h" />
		<Unit filename="Items/ItemBrewingStand.h" />
		<Unit filename="Items/ItemBucket.h" />
		<Unit filename="Items/ItemCake.h" />
		<Unit filename="Items/ItemCauldron.h" />
		<Unit filename="Items/ItemChest.h" />
		<Unit filename="Items/ItemCloth.h" />
		<Unit filename="Items/ItemComparator.h" />
		<Unit filename="Items/ItemDoor.h" />
		<Unit filename="Items/ItemDye.h" />
		<Unit filename="Items/ItemEmptyMap.h" />
		<Unit filename="Items/ItemEyeOfEnder.h" />
		<Unit filename="Items/ItemFishingRod.h" />
		<Unit filename="Items/ItemFlowerPot.h" />
		<Unit filename="Items/ItemFood.h" />
		<Unit filename="Items/ItemGoldenApple.h" />
		<Unit filename="Items/ItemHandler.cpp" />
		<Unit filename="Items/ItemHandler.h" />
		<Unit filename="Items/ItemHoe.h" />
		<Unit filename="Items/ItemItemFrame.h" />
		<Unit filename="Items/ItemLeaves.h" />
		<Unit filename="Items/ItemLighter.h" />
		<Unit filename="Items/ItemLilypad.h" />
		<Unit filename="Items/ItemMap.h" />
		<Unit filename="Items/ItemMilk.h" />
		<Unit filename="Items/ItemMinecart.h" />
		<Unit filename="Items/ItemMobHead.h" />
		<Unit filename="Items/ItemNetherWart.h" />
		<Unit filename="Items/ItemPainting.h" />
		<Unit filename="Items/ItemPickaxe.h" />
		<Unit filename="Items/ItemPotion.h" />
		<Unit filename="Items/ItemPumpkin.h" />
		<Unit filename="Items/ItemRedstoneDust.h" />
		<Unit filename="Items/ItemRedstoneRepeater.h" />
		<Unit filename="Items/ItemSapling.h" />
		<Unit filename="Items/ItemSeeds.h" />
		<Unit filename="Items/ItemShears.h" />
		<Unit filename="Items/ItemShovel.h" />
		<Unit filename="Items/ItemSign.h" />
		<Unit filename="Items/ItemSlab.h" />
		<Unit filename="Items/ItemSpawnEgg.h" />
		<Unit filename="Items/ItemString.h" />
		<Unit filename="Items/ItemSugarcane.h" />
		<Unit filename="Items/ItemSword.h" />
		<Unit filename="Items/ItemThrowable.h" />
		<Unit filename="LazyArray.h" />
		<Unit filename="LightingThread.cpp" />
		<Unit filename="LightingThread.h" />
		<Unit filename="LineBlockTracer.cpp" />
		<Unit filename="LineBlockTracer.h" />
		<Unit filename="LinearInterpolation.cpp" />
		<Unit filename="LinearInterpolation.h" />
		<Unit filename="LinearUpscale.h" />
		<Unit filename="Logger.cpp" />
		<Unit filename="Logger.h" />
		<Unit filename="LoggerListeners.cpp" />
		<Unit filename="LoggerListeners.h" />
		<Unit filename="LoggerSimple.h" />
		<Unit filename="Map.cpp" />
		<Unit filename="Map.h" />
		<Unit filename="MapManager.cpp" />
		<Unit filename="MapManager.h" />
		<Unit filename="Matrix4.h" />
		<Unit filename="MemorySettingsRepository.cpp" />
		<Unit filename="MemorySettingsRepository.h" />
		<Unit filename="MobCensus.cpp" />
		<Unit filename="MobCensus.h" />
		<Unit filename="MobFamilyCollecter.cpp" />
		<Unit filename="MobFamilyCollecter.h" />
		<Unit filename="MobProximityCounter.cpp" />
		<Unit filename="MobProximityCounter.h" />
		<Unit filename="MobSpawner.cpp" />
		<Unit filename="MobSpawner.h" />
		<Unit filename="Mobs/AggressiveMonster.cpp" />
		<Unit filename="Mobs/AggressiveMonster.h" />
		<Unit filename="Mobs/Bat.cpp" />
		<Unit filename="Mobs/Bat.h" />
		<Unit filename="Mobs/Blaze.cpp" />
		<Unit filename="Mobs/Blaze.h" />
		<Unit filename="Mobs/CaveSpider.cpp" />
		<Unit filename="Mobs/CaveSpider.h" />
		<Unit filename="Mobs/Chicken.cpp" />
		<Unit filename="Mobs/Chicken.h" />
		<Unit filename="Mobs/Cow.cpp" />
		<Unit filename="Mobs/Cow.h" />
		<Unit filename="Mobs/Creeper.cpp" />
		<Unit filename="Mobs/Creeper.h" />
		<Unit filename="Mobs/EnderDragon.cpp" />
		<Unit filename="Mobs/EnderDragon.h" />
		<Unit filename="Mobs/Enderman.cpp" />
		<Unit filename="Mobs/Enderman.h" />
		<Unit filename="Mobs/Ghast.cpp" />
		<Unit filename="Mobs/Ghast.h" />
		<Unit filename="Mobs/Giant.cpp" />
		<Unit filename="Mobs/Giant.h" />
		<Unit filename="Mobs/Guardian.cpp" />
		<Unit filename="Mobs/Guardian.h" />
		<Unit filename="Mobs/Horse.cpp" />
		<Unit filename="Mobs/Horse.h" />
		<Unit filename="Mobs/IncludeAllMonsters.h" />
		<Unit filename="Mobs/IronGolem.cpp" />
		<Unit filename="Mobs/IronGolem.h" />
		<Unit filename="Mobs/MagmaCube.cpp" />
		<Unit filename="Mobs/MagmaCube.h" />
		<Unit filename="Mobs/Monster.cpp" />
		<Unit filename="Mobs/Monster.h" />
		<Unit filename="Mobs/MonsterTypes.h" />
		<Unit filename="Mobs/Mooshroom.cpp" />
		<Unit filename="Mobs/Mooshroom.h" />
		<Unit filename="Mobs/Ocelot.cpp" />
		<Unit filename="Mobs/Ocelot.h" />
		<Unit filename="Mobs/PassiveAggressiveMonster.cpp" />
		<Unit filename="Mobs/PassiveAggressiveMonster.h" />
		<Unit filename="Mobs/PassiveMonster.cpp" />
		<Unit filename="Mobs/PassiveMonster.h" />
		<Unit filename="Mobs/Path.cpp" />
		<Unit filename="Mobs/Path.h" />
		<Unit filename="Mobs/PathFinder.cpp" />
		<Unit filename="Mobs/PathFinder.h" />
		<Unit filename="Mobs/Pig.cpp" />
		<Unit filename="Mobs/Pig.h" />
		<Unit filename="Mobs/Rabbit.cpp" />
		<Unit filename="Mobs/Rabbit.h" />
		<Unit filename="Mobs/Sheep.cpp" />
		<Unit filename="Mobs/Sheep.h" />
		<Unit filename="Mobs/Silverfish.h" />
		<Unit filename="Mobs/Skeleton.cpp" />
		<Unit filename="Mobs/Skeleton.h" />
		<Unit filename="Mobs/Slime.cpp" />
		<Unit filename="Mobs/Slime.h" />
		<Unit filename="Mobs/SnowGolem.cpp" />
		<Unit filename="Mobs/SnowGolem.h" />
		<Unit filename="Mobs/Spider.cpp" />
		<Unit filename="Mobs/Spider.h" />
		<Unit filename="Mobs/Squid.cpp" />
		<Unit filename="Mobs/Squid.h" />
		<Unit filename="Mobs/Villager.cpp" />
		<Unit filename="Mobs/Villager.h" />
		<Unit filename="Mobs/Witch.cpp" />
		<Unit filename="Mobs/Witch.h" />
		<Unit filename="Mobs/Wither.cpp" />
		<Unit filename="Mobs/Wither.h" />
		<Unit filename="Mobs/Wolf.cpp" />
		<Unit filename="Mobs/Wolf.h" />
		<Unit filename="Mobs/Zombie.cpp" />
		<Unit filename="Mobs/Zombie.h" />
		<Unit filename="Mobs/ZombiePigman.cpp" />
		<Unit filename="Mobs/ZombiePigman.h" />
		<Unit filename="MonsterConfig.cpp" />
		<Unit filename="MonsterConfig.h" />
		<Unit filename="NetherPortalScanner.cpp" />
		<Unit filename="NetherPortalScanner.h" />
		<Unit filename="Noise/InterpolNoise.h" />
		<Unit filename="Noise/Noise.cpp" />
		<Unit filename="Noise/Noise.h" />
		<Unit filename="Noise/OctavedNoise.h" />
		<Unit filename="Noise/RidgedNoise.h" />
		<Unit filename="OSSupport/CriticalSection.cpp" />
		<Unit filename="OSSupport/CriticalSection.h" />
		<Unit filename="OSSupport/Errors.cpp" />
		<Unit filename="OSSupport/Errors.h" />
		<Unit filename="OSSupport/Event.cpp" />
		<Unit filename="OSSupport/Event.h" />
		<Unit filename="OSSupport/File.cpp" />
		<Unit filename="OSSupport/File.h" />
		<Unit filename="OSSupport/GZipFile.cpp" />
		<Unit filename="OSSupport/GZipFile.h" />
		<Unit filename="OSSupport/GetAddressInfoError.h" />
		<Unit filename="OSSupport/HostnameLookup.cpp" />
		<Unit filename="OSSupport/HostnameLookup.h" />
		<Unit filename="OSSupport/IPLookup.cpp" />
		<Unit filename="OSSupport/IPLookup.h" />
		<Unit filename="OSSupport/IsThread.cpp" />
		<Unit filename="OSSupport/IsThread.h" />
		<Unit filename="OSSupport/Network.h" />
		<Unit filename="OSSupport/NetworkInterfaceEnum.cpp" />
		<Unit filename="OSSupport/NetworkLookup.cpp" />
		<Unit filename="OSSupport/NetworkLookup.h" />
		<Unit filename="OSSupport/NetworkSingleton.cpp" />
		<Unit filename="OSSupport/NetworkSingleton.h" />
		<Unit filename="OSSupport/Queue.h" />
		<Unit filename="OSSupport/ServerHandleImpl.cpp" />
		<Unit filename="OSSupport/ServerHandleImpl.h" />
		<Unit filename="OSSupport/StackTrace.cpp" />
		<Unit filename="OSSupport/StackTrace.h" />
		<Unit filename="OSSupport/TCPLinkImpl.cpp" />
		<Unit filename="OSSupport/TCPLinkImpl.h" />
		<Unit filename="OSSupport/UDPEndpointImpl.cpp" />
		<Unit filename="OSSupport/UDPEndpointImpl.h" />
		<Unit filename="OSSupport/WinStackWalker.cpp" />
		<Unit filename="OSSupport/WinStackWalker.h" />
		<Unit filename="OpaqueWorld.h" />
		<Unit filename="OverridesSettingsRepository.cpp" />
		<Unit filename="OverridesSettingsRepository.h" />
		<Unit filename="ProbabDistrib.cpp" />
		<Unit filename="ProbabDistrib.h" />
		<Unit filename="Protocol/Authenticator.cpp" />
		<Unit filename="Protocol/Authenticator.h" />
		<Unit filename="Protocol/ChunkDataSerializer.cpp" />
		<Unit filename="Protocol/ChunkDataSerializer.h" />
		<Unit filename="Protocol/ForgeHandshake.cpp" />
		<Unit filename="Protocol/ForgeHandshake.h" />
		<Unit filename="Protocol/MojangAPI.cpp" />
		<Unit filename="Protocol/MojangAPI.h" />
		<Unit filename="Protocol/PacketID.cpp" />
		<Unit filename="Protocol/Packetizer.cpp" />
		<Unit filename="Protocol/Packetizer.h" />
		<Unit filename="Protocol/Protocol.h" />
		<Unit filename="Protocol/ProtocolRecognizer.cpp" />
		<Unit filename="Protocol/ProtocolRecognizer.h" />
		<Unit filename="Protocol/Protocol_1_10.cpp" />
		<Unit filename="Protocol/Protocol_1_10.h" />
		<Unit filename="Protocol/Protocol_1_11.cpp" />
		<Unit filename="Protocol/Protocol_1_11.h" />
		<Unit filename="Protocol/Protocol_1_12.cpp" />
		<Unit filename="Protocol/Protocol_1_12.h" />
		<Unit filename="Protocol/Protocol_1_8.cpp" />
		<Unit filename="Protocol/Protocol_1_8.h" />
		<Unit filename="Protocol/Protocol_1_9.cpp" />
		<Unit filename="Protocol/Protocol_1_9.h" />
		<Unit filename="RCONServer.cpp" />
		<Unit filename="RCONServer.h" />
		<Unit filename="RankManager.cpp" />
		<Unit filename="RankManager.h" />
		<Unit filename="Resources/Cuberite.rc">
			<Option compilerVar="WINDRES" />
		</Unit>
		<Unit filename="Resources/resource_Cuberite.h" />
		<Unit filename="Root.cpp" />
		<Unit filename="Root.h" />
		<Unit filename="Scoreboard.cpp" />
		<Unit filename="Scoreboard.h" />
		<Unit filename="Server.cpp" />
		<Unit filename="Server.h" />
		<Unit filename="SetChunkData.cpp" />
		<Unit filename="SetChunkData.h" />
		<Unit filename="SettingsRepositoryInterface.h" />
		<Unit filename="Simulator/DelayedFluidSimulator.cpp" />
		<Unit filename="Simulator/DelayedFluidSimulator.h" />
		<Unit filename="Simulator/FireSimulator.cpp" />
		<Unit filename="Simulator/FireSimulator.h" />
		<Unit filename="Simulator/FloodyFluidSimulator.cpp" />
		<Unit filename="Simulator/FloodyFluidSimulator.h" />
		<Unit filename="Simulator/FluidSimulator.cpp" />
		<Unit filename="Simulator/FluidSimulator.h" />
		<Unit filename="Simulator/IncrementalRedstoneSimulator/CommandBlockHandler.h" />
		<Unit filename="Simulator/IncrementalRedstoneSimulator/DoorHandler.h" />
		<Unit filename="Simulator/IncrementalRedstoneSimulator/DropSpenserHandler.h" />
		<Unit filename="Simulator/IncrementalRedstoneSimulator/IncrementalRedstoneSimulator.cpp" />
		<Unit filename="Simulator/IncrementalRedstoneSimulator/IncrementalRedstoneSimulator.h" />
		<Unit filename="Simulator/IncrementalRedstoneSimulator/NoteBlockHandler.h" />
		<Unit filename="Simulator/IncrementalRedstoneSimulator/PistonHandler.h" />
		<Unit filename="Simulator/IncrementalRedstoneSimulator/PoweredRailHandler.h" />
		<Unit filename="Simulator/IncrementalRedstoneSimulator/PressurePlateHandler.h" />
		<Unit filename="Simulator/IncrementalRedstoneSimulator/RedstoneBlockHandler.h" />
		<Unit filename="Simulator/IncrementalRedstoneSimulator/RedstoneComparatorHandler.h" />
		<Unit filename="Simulator/IncrementalRedstoneSimulator/RedstoneHandler.h" />
		<Unit filename="Simulator/IncrementalRedstoneSimulator/RedstoneLampHandler.h" />
		<Unit filename="Simulator/IncrementalRedstoneSimulator/RedstoneRepeaterHandler.h" />
		<Unit filename="Simulator/IncrementalRedstoneSimulator/RedstoneSimulatorChunkData.h" />
		<Unit filename="Simulator/IncrementalRedstoneSimulator/RedstoneToggleHandler.h" />
		<Unit filename="Simulator/IncrementalRedstoneSimulator/RedstoneTorchHandler.h" />
		<Unit filename="Simulator/IncrementalRedstoneSimulator/RedstoneWireHandler.h" />
		<Unit filename="Simulator/IncrementalRedstoneSimulator/SmallGateHandler.h" />
		<Unit filename="Simulator/IncrementalRedstoneSimulator/SolidBlockHandler.h" />
		<Unit filename="Simulator/IncrementalRedstoneSimulator/TNTHandler.h" />
		<Unit filename="Simulator/IncrementalRedstoneSimulator/TrappedChestHandler.h" />
		<Unit filename="Simulator/IncrementalRedstoneSimulator/TripwireHookHandler.h" />
		<Unit filename="Simulator/NoopFluidSimulator.h" />
		<Unit filename="Simulator/NoopRedstoneSimulator.h" />
		<Unit filename="Simulator/RedstoneSimulator.h" />
		<Unit filename="Simulator/SandSimulator.cpp" />
		<Unit filename="Simulator/SandSimulator.h" />
		<Unit filename="Simulator/Simulator.cpp" />
		<Unit filename="Simulator/Simulator.h" />
		<Unit filename="Simulator/SimulatorManager.cpp" />
		<Unit filename="Simulator/SimulatorManager.h" />
		<Unit filename="Simulator/VanillaFluidSimulator.cpp" />
		<Unit filename="Simulator/VanillaFluidSimulator.h" />
		<Unit filename="Simulator/VaporizeFluidSimulator.cpp" />
		<Unit filename="Simulator/VaporizeFluidSimulator.h" />
		<Unit filename="SpawnPrepare.cpp" />
		<Unit filename="SpawnPrepare.h" />
		<Unit filename="Statistics.cpp" />
		<Unit filename="Statistics.h" />
		<Unit filename="Stopwatch.h" />
		<Unit filename="StringCompression.cpp" />
		<Unit filename="StringCompression.h" />
		<Unit filename="StringUtils.cpp" />
		<Unit filename="StringUtils.h" />
		<Unit filename="Tracer.cpp" />
		<Unit filename="Tracer.h" />
		<Unit filename="UI/AnvilWindow.cpp" />
		<Unit filename="UI/AnvilWindow.h" />
		<Unit filename="UI/BeaconWindow.cpp" />
		<Unit filename="UI/BeaconWindow.h" />
		<Unit filename="UI/BrewingstandWindow.cpp" />
		<Unit filename="UI/BrewingstandWindow.h" />
		<Unit filename="UI/ChestWindow.cpp" />
		<Unit filename="UI/ChestWindow.h" />
		<Unit filename="UI/CraftingWindow.cpp" />
		<Unit filename="UI/CraftingWindow.h" />
		<Unit filename="UI/DropSpenserWindow.cpp" />
		<Unit filename="UI/DropSpenserWindow.h" />
		<Unit filename="UI/EnchantingWindow.cpp" />
		<Unit filename="UI/EnchantingWindow.h" />
		<Unit filename="UI/EnderChestWindow.cpp" />
		<Unit filename="UI/EnderChestWindow.h" />
		<Unit filename="UI/FurnaceWindow.cpp" />
		<Unit filename="UI/FurnaceWindow.h" />
		<Unit filename="UI/HopperWindow.cpp" />
		<Unit filename="UI/HopperWindow.h" />
		<Unit filename="UI/HorseWindow.cpp" />
		<Unit filename="UI/HorseWindow.h" />
		<Unit filename="UI/InventoryWindow.cpp" />
		<Unit filename="UI/InventoryWindow.h" />
		<Unit filename="UI/MinecartWithChestWindow.h" />
		<Unit filename="UI/SlotArea.cpp" />
		<Unit filename="UI/SlotArea.h" />
		<Unit filename="UI/Window.cpp" />
		<Unit filename="UI/Window.h" />
		<Unit filename="UI/WindowOwner.h" />
		<Unit filename="UUID.cpp" />
		<Unit filename="UUID.h" />
		<Unit filename="Vector3.h" />
		<Unit filename="VoronoiMap.cpp" />
		<Unit filename="VoronoiMap.h" />
		<Unit filename="WebAdmin.cpp" />
		<Unit filename="WebAdmin.h" />
		<Unit filename="World.cpp" />
		<Unit filename="World.h" />
		<Unit filename="WorldStorage/EnchantmentSerializer.cpp" />
		<Unit filename="WorldStorage/EnchantmentSerializer.h" />
		<Unit filename="WorldStorage/FastNBT.cpp" />
		<Unit filename="WorldStorage/FastNBT.h" />
		<Unit filename="WorldStorage/FireworksSerializer.cpp" />
		<Unit filename="WorldStorage/FireworksSerializer.h" />
		<Unit filename="WorldStorage/MapSerializer.cpp" />
		<Unit filename="WorldStorage/MapSerializer.h" />
		<Unit filename="WorldStorage/NBTChunkSerializer.cpp" />
		<Unit filename="WorldStorage/NBTChunkSerializer.h" />
		<Unit filename="WorldStorage/SchematicFileSerializer.cpp" />
		<Unit filename="WorldStorage/SchematicFileSerializer.h" />
		<Unit filename="WorldStorage/ScoreboardSerializer.cpp" />
		<Unit filename="WorldStorage/ScoreboardSerializer.h" />
		<Unit filename="WorldStorage/StatSerializer.cpp" />
		<Unit filename="WorldStorage/StatSerializer.h" />
		<Unit filename="WorldStorage/WSSAnvil.cpp" />
		<Unit filename="WorldStorage/WSSAnvil.h" />
		<Unit filename="WorldStorage/WorldStorage.cpp" />
		<Unit filename="WorldStorage/WorldStorage.h" />
		<Unit filename="XMLParser.h" />
		<Unit filename="main.cpp" />
		<Unit filename="mbedTLS++/AesCfb128Decryptor.cpp" />
		<Unit filename="mbedTLS++/AesCfb128Decryptor.h" />
		<Unit filename="mbedTLS++/AesCfb128Encryptor.cpp" />
		<Unit filename="mbedTLS++/AesCfb128Encryptor.h" />
		<Unit filename="mbedTLS++/BlockingSslClientSocket.cpp" />
		<Unit filename="mbedTLS++/BlockingSslClientSocket.h" />
		<Unit filename="mbedTLS++/BufferedSslContext.cpp" />
		<Unit filename="mbedTLS++/BufferedSslContext.h" />
		<Unit filename="mbedTLS++/CallbackSslContext.cpp" />
		<Unit filename="mbedTLS++/CallbackSslContext.h" />
		<Unit filename="mbedTLS++/CryptoKey.cpp" />
		<Unit filename="mbedTLS++/CryptoKey.h" />
		<Unit filename="mbedTLS++/CtrDrbgContext.cpp" />
		<Unit filename="mbedTLS++/CtrDrbgContext.h" />
		<Unit filename="mbedTLS++/EntropyContext.cpp" />
		<Unit filename="mbedTLS++/EntropyContext.h" />
		<Unit filename="mbedTLS++/ErrorCodes.h" />
		<Unit filename="mbedTLS++/RsaPrivateKey.cpp" />
		<Unit filename="mbedTLS++/RsaPrivateKey.h" />
		<Unit filename="mbedTLS++/Sha1Checksum.cpp" />
		<Unit filename="mbedTLS++/Sha1Checksum.h" />
		<Unit filename="mbedTLS++/SslConfig.cpp" />
		<Unit filename="mbedTLS++/SslConfig.h" />
		<Unit filename="mbedTLS++/SslContext.cpp" />
		<Unit filename="mbedTLS++/SslContext.h" />
		<Unit filename="mbedTLS++/X509Cert.cpp" />
		<Unit filename="mbedTLS++/X509Cert.h" />
		<Extensions>
			<code_completion />
			<envvars />
			<debugger />
			<lib_finder disable_auto="1" />
		</Extensions>
	</Project>
</CodeBlocks_project_file>
